
Microsoft Visual Studio Solution File, Format Version 12.00
# Visual Studio Version 17
VisualStudioVersion = 17.10.35013.160
MinimumVisualStudioVersion = 10.0.40219.1
Project("{FAE04EC0-301F-11D3-BF4B-00C04F79EFBC}") = "DiziFix", "DiziFix.csproj", "{CF9AA34B-648B-45FB-9D60-D3F64C01731A}"
EndProject
Global
	GlobalSection(SolutionConfigurationPlatforms) = preSolution
		Debug|Any CPU = Debug|Any CPU
		Release|Any CPU = Release|Any CPU
	EndGlobalSection
	GlobalSection(ProjectConfigurationPlatforms) = postSolution
		{CF9AA34B-648B-45FB-9D60-D3F64C01731A}.Debug|Any CPU.ActiveCfg = Debug|Any CPU
		{CF9AA34B-648B-45FB-9D60-D3F64C01731A}.Debug|Any CPU.Build.0 = Debug|Any CPU
		{CF9AA34B-648B-45FB-9D60-D3F64C01731A}.Release|Any CPU.ActiveCfg = Release|Any CPU
		{CF9AA34B-648B-45FB-9D60-D3F64C01731A}.Release|Any CPU.Build.0 = Release|Any CPU
	EndGlobalSection
	GlobalSection(SolutionProperties) = preSolution
		HideSolutionNode = FALSE
	EndGlobalSection
	GlobalSection(ExtensibilityGlobals) = postSolution
		SolutionGuid = {19C9B5D4-D202-4F9B-B6C8-00579F38EA63}
	EndGlobalSection
EndGlobal
